
Microsoft Visual Studio Solution File, Format Version 11.00
# Visual Studio 2010
Project("{FAE04EC0-301F-11D3-BF4B-00C04F79EFBC}") = "herramientas-clase-1", "Assembly-CSharp.csproj", "{8145FF4E-88EB-E906-05A7-48BB96ED8AE0}"
EndProject
Global
	GlobalSection(SolutionConfigurationPlatforms) = preSolution
		Debug|Any CPU = Debug|Any CPU
		Release|Any CPU = Release|Any CPU
	EndGlobalSection
	GlobalSection(ProjectConfigurationPlatforms) = postSolution
		{8145FF4E-88EB-E906-05A7-48BB96ED8AE0}.Debug|Any CPU.ActiveCfg = Debug|Any CPU
		{8145FF4E-88EB-E906-05A7-48BB96ED8AE0}.Debug|Any CPU.Build.0 = Debug|Any CPU
		{8145FF4E-88EB-E906-05A7-48BB96ED8AE0}.Release|Any CPU.ActiveCfg = Release|Any CPU
		{8145FF4E-88EB-E906-05A7-48BB96ED8AE0}.Release|Any CPU.Build.0 = Release|Any CPU
	EndGlobalSection
	GlobalSection(SolutionProperties) = preSolution
		HideSolutionNode = FALSE
	EndGlobalSection
	GlobalSection(MonoDevelopProperties) = preSolution
		StartupItem = Assembly-CSharp.csproj
	EndGlobalSection
EndGlobal
